
Microsoft Visual Studio Solution File, Format Version 12.00
# Visual Studio 15
VisualStudioVersion = 15.0.28307.1209
MinimumVisualStudioVersion = 10.0.40219.1
Project("{FAE04EC0-301F-11D3-BF4B-00C04F79EFBC}") = "autogaz-win", "autogaz-win\autogaz-win.csproj", "{D0134942-4585-4C52-AB65-05DCACDA9079}"
EndProject
Global
	GlobalSection(SolutionConfigurationPlatforms) = preSolution
		Debug|Any CPU = Debug|Any CPU
		Release|Any CPU = Release|Any CPU
	EndGlobalSection
	GlobalSection(ProjectConfigurationPlatforms) = postSolution
		{D0134942-4585-4C52-AB65-05DCACDA9079}.Debug|Any CPU.ActiveCfg = Debug|Any CPU
		{D0134942-4585-4C52-AB65-05DCACDA9079}.Debug|Any CPU.Build.0 = Debug|Any CPU
		{D0134942-4585-4C52-AB65-05DCACDA9079}.Release|Any CPU.ActiveCfg = Release|Any CPU
		{D0134942-4585-4C52-AB65-05DCACDA9079}.Release|Any CPU.Build.0 = Release|Any CPU
	EndGlobalSection
	GlobalSection(SolutionProperties) = preSolution
		HideSolutionNode = FALSE
	EndGlobalSection
	GlobalSection(ExtensibilityGlobals) = postSolution
		SolutionGuid = {4360ED56-2155-4DA9-AC48-C6B4C6375F72}
	EndGlobalSection
EndGlobal
